
Microsoft Visual Studio Solution File, Format Version 12.00
# Visual Studio Version 16
VisualStudioVersion = 16.0.30517.126
MinimumVisualStudioVersion = 10.0.40219.1
Project("{FAE04EC0-301F-11D3-BF4B-00C04F79EFBC}") = "bootsararsafa", "bootsararsafa.csproj", "{52813574-15D3-4CA2-822C-C230BCC23527}"
EndProject
Global
	GlobalSection(SolutionConfigurationPlatforms) = preSolution
		Debug|Any CPU = Debug|Any CPU
		Release|Any CPU = Release|Any CPU
	EndGlobalSection
	GlobalSection(ProjectConfigurationPlatforms) = postSolution
		{52813574-15D3-4CA2-822C-C230BCC23527}.Debug|Any CPU.ActiveCfg = Debug|Any CPU
		{52813574-15D3-4CA2-822C-C230BCC23527}.Debug|Any CPU.Build.0 = Debug|Any CPU
		{52813574-15D3-4CA2-822C-C230BCC23527}.Release|Any CPU.ActiveCfg = Release|Any CPU
		{52813574-15D3-4CA2-822C-C230BCC23527}.Release|Any CPU.Build.0 = Release|Any CPU
	EndGlobalSection
	GlobalSection(SolutionProperties) = preSolution
		HideSolutionNode = FALSE
	EndGlobalSection
	GlobalSection(ExtensibilityGlobals) = postSolution
		SolutionGuid = {21F5438F-3AAB-4468-A2D7-33CBE6F114FF}
	EndGlobalSection
EndGlobal
